
Microsoft Visual Studio Solution File, Format Version 11.00
# Visual Studio 2010
Project("{2150E333-8FDC-42A3-9474-1A3956D46DE8}") = "UI", "UI", "{FBFB2767-8CEF-4246-9AD5-67C7390E0A13}"
EndProject
Project("{2150E333-8FDC-42A3-9474-1A3956D46DE8}") = "Model", "Model", "{56FA934C-6DA9-4057-8DD5-24B5AA00FB5D}"
EndProject
Project("{2150E333-8FDC-42A3-9474-1A3956D46DE8}") = "Services", "Services", "{7C9B17DB-5738-4143-8814-79E157E679FC}"
EndProject
Project("{2150E333-8FDC-42A3-9474-1A3956D46DE8}") = "Tests", "Tests", "{2FBFF2DF-C6E3-4109-B4BA-64187868F327}"
EndProject
Project("{FAE04EC0-301F-11D3-BF4B-00C04F79EFBC}") = "AchChat.processor", "AchChat.processor\AchChat.processor.csproj", "{7641B02E-5A93-409E-B647-E8F947EF591F}"
EndProject
Project("{FAE04EC0-301F-11D3-BF4B-00C04F79EFBC}") = "AchChat.domain", "AchChat.domain\AchChat.domain.csproj", "{CCEFF30E-0807-4AC7-9D67-46E6E41D6F9A}"
EndProject
Project("{FAE04EC0-301F-11D3-BF4B-00C04F79EFBC}") = "AchChat.domain.tests", "..\tests\AchChat.domain.tests\AchChat.domain.tests.csproj", "{9A3C352A-685F-49B6-8A05-251224BDB427}"
EndProject
Project("{FAE04EC0-301F-11D3-BF4B-00C04F79EFBC}") = "AchChat.messages", "AchChat.messages\AchChat.messages.csproj", "{B179B7D5-CE86-4369-83E3-7308EBF81B12}"
EndProject
Global
	GlobalSection(SolutionConfigurationPlatforms) = preSolution
		Debug|Any CPU = Debug|Any CPU
		Debug|Mixed Platforms = Debug|Mixed Platforms
		Debug|x86 = Debug|x86
		Release|Any CPU = Release|Any CPU
		Release|Mixed Platforms = Release|Mixed Platforms
		Release|x86 = Release|x86
	EndGlobalSection
	GlobalSection(ProjectConfigurationPlatforms) = postSolution
		{7641B02E-5A93-409E-B647-E8F947EF591F}.Debug|Any CPU.ActiveCfg = Debug|x86
		{7641B02E-5A93-409E-B647-E8F947EF591F}.Debug|Mixed Platforms.ActiveCfg = Debug|x86
		{7641B02E-5A93-409E-B647-E8F947EF591F}.Debug|Mixed Platforms.Build.0 = Debug|x86
		{7641B02E-5A93-409E-B647-E8F947EF591F}.Debug|x86.ActiveCfg = Debug|x86
		{7641B02E-5A93-409E-B647-E8F947EF591F}.Debug|x86.Build.0 = Debug|x86
		{7641B02E-5A93-409E-B647-E8F947EF591F}.Release|Any CPU.ActiveCfg = Release|x86
		{7641B02E-5A93-409E-B647-E8F947EF591F}.Release|Mixed Platforms.ActiveCfg = Release|x86
		{7641B02E-5A93-409E-B647-E8F947EF591F}.Release|Mixed Platforms.Build.0 = Release|x86
		{7641B02E-5A93-409E-B647-E8F947EF591F}.Release|x86.ActiveCfg = Release|x86
		{7641B02E-5A93-409E-B647-E8F947EF591F}.Release|x86.Build.0 = Release|x86
		{CCEFF30E-0807-4AC7-9D67-46E6E41D6F9A}.Debug|Any CPU.ActiveCfg = Debug|Any CPU
		{CCEFF30E-0807-4AC7-9D67-46E6E41D6F9A}.Debug|Any CPU.Build.0 = Debug|Any CPU
		{CCEFF30E-0807-4AC7-9D67-46E6E41D6F9A}.Debug|Mixed Platforms.ActiveCfg = Debug|Any CPU
		{CCEFF30E-0807-4AC7-9D67-46E6E41D6F9A}.Debug|Mixed Platforms.Build.0 = Debug|Any CPU
		{CCEFF30E-0807-4AC7-9D67-46E6E41D6F9A}.Debug|x86.ActiveCfg = Debug|Any CPU
		{CCEFF30E-0807-4AC7-9D67-46E6E41D6F9A}.Release|Any CPU.ActiveCfg = Release|Any CPU
		{CCEFF30E-0807-4AC7-9D67-46E6E41D6F9A}.Release|Any CPU.Build.0 = Release|Any CPU
		{CCEFF30E-0807-4AC7-9D67-46E6E41D6F9A}.Release|Mixed Platforms.ActiveCfg = Release|Any CPU
		{CCEFF30E-0807-4AC7-9D67-46E6E41D6F9A}.Release|Mixed Platforms.Build.0 = Release|Any CPU
		{CCEFF30E-0807-4AC7-9D67-46E6E41D6F9A}.Release|x86.ActiveCfg = Release|Any CPU
		{9A3C352A-685F-49B6-8A05-251224BDB427}.Debug|Any CPU.ActiveCfg = Debug|Any CPU
		{9A3C352A-685F-49B6-8A05-251224BDB427}.Debug|Any CPU.Build.0 = Debug|Any CPU
		{9A3C352A-685F-49B6-8A05-251224BDB427}.Debug|Mixed Platforms.ActiveCfg = Debug|Any CPU
		{9A3C352A-685F-49B6-8A05-251224BDB427}.Debug|Mixed Platforms.Build.0 = Debug|Any CPU
		{9A3C352A-685F-49B6-8A05-251224BDB427}.Debug|x86.ActiveCfg = Debug|Any CPU
		{9A3C352A-685F-49B6-8A05-251224BDB427}.Release|Any CPU.ActiveCfg = Release|Any CPU
		{9A3C352A-685F-49B6-8A05-251224BDB427}.Release|Any CPU.Build.0 = Release|Any CPU
		{9A3C352A-685F-49B6-8A05-251224BDB427}.Release|Mixed Platforms.ActiveCfg = Release|Any CPU
		{9A3C352A-685F-49B6-8A05-251224BDB427}.Release|Mixed Platforms.Build.0 = Release|Any CPU
		{9A3C352A-685F-49B6-8A05-251224BDB427}.Release|x86.ActiveCfg = Release|Any CPU
		{B179B7D5-CE86-4369-83E3-7308EBF81B12}.Debug|Any CPU.ActiveCfg = Debug|Any CPU
		{B179B7D5-CE86-4369-83E3-7308EBF81B12}.Debug|Any CPU.Build.0 = Debug|Any CPU
		{B179B7D5-CE86-4369-83E3-7308EBF81B12}.Debug|Mixed Platforms.ActiveCfg = Debug|Any CPU
		{B179B7D5-CE86-4369-83E3-7308EBF81B12}.Debug|Mixed Platforms.Build.0 = Debug|Any CPU
		{B179B7D5-CE86-4369-83E3-7308EBF81B12}.Debug|x86.ActiveCfg = Debug|Any CPU
		{B179B7D5-CE86-4369-83E3-7308EBF81B12}.Release|Any CPU.ActiveCfg = Release|Any CPU
		{B179B7D5-CE86-4369-83E3-7308EBF81B12}.Release|Any CPU.Build.0 = Release|Any CPU
		{B179B7D5-CE86-4369-83E3-7308EBF81B12}.Release|Mixed Platforms.ActiveCfg = Release|Any CPU
		{B179B7D5-CE86-4369-83E3-7308EBF81B12}.Release|Mixed Platforms.Build.0 = Release|Any CPU
		{B179B7D5-CE86-4369-83E3-7308EBF81B12}.Release|x86.ActiveCfg = Release|Any CPU
	EndGlobalSection
	GlobalSection(SolutionProperties) = preSolution
		HideSolutionNode = FALSE
	EndGlobalSection
	GlobalSection(NestedProjects) = preSolution
		{CCEFF30E-0807-4AC7-9D67-46E6E41D6F9A} = {56FA934C-6DA9-4057-8DD5-24B5AA00FB5D}
		{B179B7D5-CE86-4369-83E3-7308EBF81B12} = {56FA934C-6DA9-4057-8DD5-24B5AA00FB5D}
		{7641B02E-5A93-409E-B647-E8F947EF591F} = {7C9B17DB-5738-4143-8814-79E157E679FC}
		{9A3C352A-685F-49B6-8A05-251224BDB427} = {2FBFF2DF-C6E3-4109-B4BA-64187868F327}
	EndGlobalSection
EndGlobal
